// !$*UTF8*$!
{
	archiveVersion = 1;
	classes = {
	};
	objectVersion = 46;
	objects = {

/* Begin PBXBuildFile section */
		79A2E3CF1CECDD700069AFCA /* AppDelegate.swift in Sources */ = {isa = PBXBuildFile; fileRef = 79A2E3CE1CECDD700069AFCA /* AppDelegate.swift */; };
		79A2E3D11CECDD700069AFCA /* ViewController.swift in Sources */ = {isa = PBXBuildFile; fileRef = 79A2E3D01CECDD700069AFCA /* ViewController.swift */; };
		79A2E3D41CECDD700069AFCA /* Main.storyboard in Resources */ = {isa = PBXBuildFile; fileRef = 79A2E3D21CECDD700069AFCA /* Main.storyboard */; };
		79A2E3D61CECDD700069AFCA /* Assets.xcassets in Resources */ = {isa = PBXBuildFile; fileRef = 79A2E3D51CECDD700069AFCA /* Assets.xcassets */; };
		79A2E3D91CECDD700069AFCA /* LaunchScreen.storyboard in Resources */ = {isa = PBXBuildFile; fileRef = 79A2E3D71CECDD700069AFCA /* LaunchScreen.storyboard */; };
		79A2E3E41CECDD710069AFCA /* PruebaAminTests.swift in Sources */ = {isa = PBXBuildFile; fileRef = 79A2E3E31CECDD710069AFCA /* PruebaAminTests.swift */; };
		79A2E3EF1CECDD710069AFCA /* PruebaAminUITests.swift in Sources */ = {isa = PBXBuildFile; fileRef = 79A2E3EE1CECDD710069AFCA /* PruebaAminUITests.swift */; };
		79A2E3FD1CECDECA0069AFCA /* MainViewController.swift in Sources */ = {isa = PBXBuildFile; fileRef = 79A2E3FC1CECDECA0069AFCA /* MainViewController.swift */; };
/* End PBXBuildFile section */

/* Begin PBXContainerItemProxy section */
		79A2E3E01CECDD710069AFCA /* PBXContainerItemProxy */ = {
			isa = PBXContainerItemProxy;
			containerPortal = 79A2E3C31CECDD700069AFCA /* Project object */;
			proxyType = 1;
			remoteGlobalIDString = 79A2E3CA1CECDD700069AFCA;
			remoteInfo = PruebaAmin;
		};
		79A2E3EB1CECDD710069AFCA /* PBXContainerItemProxy */ = {
			isa = PBXContainerItemProxy;
			containerPortal = 79A2E3C31CECDD700069AFCA /* Project object */;
			proxyType = 1;
			remoteGlobalIDString = 79A2E3CA1CECDD700069AFCA;
			remoteInfo = PruebaAmin;
		};
/* End PBXContainerItemProxy section */

/* Begin PBXFileReference section */
		79A2E3CB1CECDD700069AFCA /* PruebaAmin.app */ = {isa = PBXFileReference; explicitFileType = wrapper.application; includeInIndex = 0; path = PruebaAmin.app; sourceTree = BUILT_PRODUCTS_DIR; };
		79A2E3CE1CECDD700069AFCA /* AppDelegate.swift */ = {isa = PBXFileReference; lastKnownFileType = sourcecode.swift; path = AppDelegate.swift; sourceTree = "<group>"; };
		79A2E3D01CECDD700069AFCA /* ViewController.swift */ = {isa = PBXFileReference; lastKnownFileType = sourcecode.swift; path = ViewController.swift; sourceTree = "<group>"; };
		79A2E3D31CECDD700069AFCA /* Base */ = {isa = PBXFileReference; lastKnownFileType = file.storyboard; name = Base; path = Base.lproj/Main.storyboard; sourceTree = "<group>"; };
		79A2E3D51CECDD700069AFCA /* Assets.xcassets */ = {isa = PBXFileReference; lastKnownFileType = folder.assetcatalog; path = Assets.xcassets; sourceTree = "<group>"; };
		79A2E3D81CECDD700069AFCA /* Base */ = {isa = PBXFileReference; lastKnownFileType = file.storyboard; name = Base; path = Base.lproj/LaunchScreen.storyboard; sourceTree = "<group>"; };
		79A2E3DA1CECDD700069AFCA /* Info.plist */ = {isa = PBXFileReference; lastKnownFileType = text.plist.xml; path = Info.plist; sourceTree = "<group>"; };
		79A2E3DF1CECDD710069AFCA /* PruebaAminTests.xctest */ = {isa = PBXFileReference; explicitFileType = wrapper.cfbundle; includeInIndex = 0; path = PruebaAminTests.xctest; sourceTree = BUILT_PRODUCTS_DIR; };
		79A2E3E31CECDD710069AFCA /* PruebaAminTests.swift */ = {isa = PBXFileReference; lastKnownFileType = sourcecode.swift; path = PruebaAminTests.swift; sourceTree = "<group>"; };
		79A2E3E51CECDD710069AFCA /* Info.plist */ = {isa = PBXFileReference; lastKnownFileType = text.plist.xml; path = Info.plist; sourceTree = "<group>"; };
		79A2E3EA1CECDD710069AFCA /* PruebaAminUITests.xctest */ = {isa = PBXFileReference; explicitFileType = wrapper.cfbundle; includeInIndex = 0; path = PruebaAminUITests.xctest; sourceTree = BUILT_PRODUCTS_DIR; };
		79A2E3EE1CECDD710069AFCA /* PruebaAminUITests.swift */ = {isa = PBXFileReference; lastKnownFileType = sourcecode.swift; path = PruebaAminUITests.swift; sourceTree = "<group>"; };
		79A2E3F01CECDD710069AFCA /* Info.plist */ = {isa = PBXFileReference; lastKnownFileType = text.plist.xml; path = Info.plist; sourceTree = "<group>"; };
		79A2E3FC1CECDECA0069AFCA /* MainViewController.swift */ = {isa = PBXFileReference; fileEncoding = 4; lastKnownFileType = sourcecode.swift; path = MainViewController.swift; sourceTree = "<group>"; };
/* End PBXFileReference section */

/* Begin PBXFrameworksBuildPhase section */
		79A2E3C81CECDD700069AFCA /* Frameworks */ = {
			isa = PBXFrameworksBuildPhase;
			buildActionMask = 2147483647;
			files = (
			);
			runOnlyForDeploymentPostprocessing = 0;
		};
		79A2E3DC1CECDD710069AFCA /* Frameworks */ = {
			isa = PBXFrameworksBuildPhase;
			buildActionMask = 2147483647;
			files = (
			);
			runOnlyForDeploymentPostprocessing = 0;
		};
		79A2E3E71CECDD710069AFCA /* Frameworks */ = {
			isa = PBXFrameworksBuildPhase;
			buildActionMask = 2147483647;
			files = (
			);
			runOnlyForDeploymentPostprocessing = 0;
		};
/* End PBXFrameworksBuildPhase section */

/* Begin PBXGroup section */
		79A2E3C21CECDD700069AFCA = {
			isa = PBXGroup;
			children = (
				79A2E3CD1CECDD700069AFCA /* PruebaAmin */,
				79A2E3E21CECDD710069AFCA /* PruebaAminTests */,
				79A2E3ED1CECDD710069AFCA /* PruebaAminUITests */,
				79A2E3CC1CECDD700069AFCA /* Products */,
			);
			sourceTree = "<group>";
		};
		79A2E3CC1CECDD700069AFCA /* Products */ = {
			isa = PBXGroup;
			children = (
				79A2E3CB1CECDD700069AFCA /* PruebaAmin.app */,
				79A2E3DF1CECDD710069AFCA /* PruebaAminTests.xctest */,
				79A2E3EA1CECDD710069AFCA /* PruebaAminUITests.xctest */,
			);
			name = Products;
			sourceTree = "<group>";
		};
		79A2E3CD1CECDD700069AFCA /* PruebaAmin */ = {
			isa = PBXGroup;
			children = (
				79A2E3CE1CECDD700069AFCA /* AppDelegate.swift */,
				79A2E3D01CECDD700069AFCA /* ViewController.swift */,
				79A2E3D21CECDD700069AFCA /* Main.storyboard */,
				79A2E3FC1CECDECA0069AFCA /* MainViewController.swift */,
				79A2E3D51CECDD700069AFCA /* Assets.xcassets */,
				79A2E3D71CECDD700069AFCA /* LaunchScreen.storyboard */,
				79A2E3DA1CECDD700069AFCA /* Info.plist */,
			);
			path = PruebaAmin;
			sourceTree = "<group>";
		};
		79A2E3E21CECDD710069AFCA /* PruebaAminTests */ = {
			isa = PBXGroup;
			children = (
				79A2E3E31CECDD710069AFCA /* PruebaAminTests.swift */,
				79A2E3E51CECDD710069AFCA /* Info.plist */,
			);
			path = PruebaAminTests;
			sourceTree = "<group>";
		};
		79A2E3ED1CECDD710069AFCA /* PruebaAminUITests */ = {
			isa = PBXGroup;
			children = (
				79A2E3EE1CECDD710069AFCA /* PruebaAminUITests.swift */,
				79A2E3F01CECDD710069AFCA /* Info.plist */,
			);
			path = PruebaAminUITests;
			sourceTree = "<group>";
		};
/* End PBXGroup section */

/* Begin PBXNativeTarget section */
		79A2E3CA1CECDD700069AFCA /* PruebaAmin */ = {
			isa = PBXNativeTarget;
			buildConfigurationList = 79A2E3F31CECDD710069AFCA /* Build configuration list for PBXNativeTarget "PruebaAmin" */;
			buildPhases = (
				79A2E3C71CECDD700069AFCA /* Sources */,
				79A2E3C81CECDD700069AFCA /* Frameworks */,
				79A2E3C91CECDD700069AFCA /* Resources */,
			);
			buildRules = (
			);
			dependencies = (
			);
			name = PruebaAmin;
			productName = PruebaAmin;
			productReference = 79A2E3CB1CECDD700069AFCA /* PruebaAmin.app */;
			productType = "com.apple.product-type.application";
		};
		79A2E3DE1CECDD710069AFCA /* PruebaAminTests */ = {
			isa = PBXNativeTarget;
			buildConfigurationList = 79A2E3F61CECDD710069AFCA /* Build configuration list for PBXNativeTarget "PruebaAminTests" */;
			buildPhases = (
				79A2E3DB1CECDD710069AFCA /* Sources */,
				79A2E3DC1CECDD710069AFCA /* Frameworks */,
				79A2E3DD1CECDD710069AFCA /* Resources */,
			);
			buildRules = (
			);
			dependencies = (
				79A2E3E11CECDD710069AFCA /* PBXTargetDependency */,
			);
			name = PruebaAminTests;
			productName = PruebaAminTests;
			productReference = 79A2E3DF1CECDD710069AFCA /* PruebaAminTests.xctest */;
			productType = "com.apple.product-type.bundle.unit-test";
		};
		79A2E3E91CECDD710069AFCA /* PruebaAminUITests */ = {
			isa = PBXNativeTarget;
			buildConfigurationList = 79A2E3F91CECDD710069AFCA /* Build configuration list for PBXNativeTarget "PruebaAminUITests" */;
			buildPhases = (
				79A2E3E61CECDD710069AFCA /* Sources */,
				79A2E3E71CECDD710069AFCA /* Frameworks */,
				79A2E3E81CECDD710069AFCA /* Resources */,
			);
			buildRules = (
			);
			dependencies = (
				79A2E3EC1CECDD710069AFCA /* PBXTargetDependency */,
			);
			name = PruebaAminUITests;
			productName = PruebaAminUITests;
			productReference = 79A2E3EA1CECDD710069AFCA /* PruebaAminUITests.xctest */;
			productType = "com.apple.product-type.bundle.ui-testing";
		};
/* End PBXNativeTarget section */

/* Begin PBXProject section */
		79A2E3C31CECDD700069AFCA /* Project object */ = {
			isa = PBXProject;
			attributes = {
				LastSwiftUpdateCheck = 0730;
				LastUpgradeCheck = 0730;
				ORGANIZATIONNAME = CSIPRO;
				TargetAttributes = {
					79A2E3CA1CECDD700069AFCA = {
						CreatedOnToolsVersion = 7.3.1;
						DevelopmentTeam = GK4X7326BE;
					};
					79A2E3DE1CECDD710069AFCA = {
						CreatedOnToolsVersion = 7.3.1;
						DevelopmentTeam = GK4X7326BE;
						TestTargetID = 79A2E3CA1CECDD700069AFCA;
					};
					79A2E3E91CECDD710069AFCA = {
						CreatedOnToolsVersion = 7.3.1;
						DevelopmentTeam = GK4X7326BE;
						TestTargetID = 79A2E3CA1CECDD700069AFCA;
					};
				};
			};
			buildConfigurationList = 79A2E3C61CECDD700069AFCA /* Build configuration list for PBXProject "PruebaAmin" */;
			compatibilityVersion = "Xcode 3.2";
			developmentRegion = English;
			hasScannedForEncodings = 0;
			knownRegions = (
				en,
				Base,
			);
			mainGroup = 79A2E3C21CECDD700069AFCA;
			productRefGroup = 79A2E3CC1CECDD700069AFCA /* Products */;
			projectDirPath = "";
			projectRoot = "";
			targets = (
				79A2E3CA1CECDD700069AFCA /* PruebaAmin */,
				79A2E3DE1CECDD710069AFCA /* PruebaAminTests */,
				79A2E3E91CECDD710069AFCA /* PruebaAminUITests */,
			);
		};
/* End PBXProject section */

/* Begin PBXResourcesBuildPhase section */
		79A2E3C91CECDD700069AFCA /* Resources */ = {
			isa = PBXResourcesBuildPhase;
			buildActionMask = 2147483647;
			files = (
				79A2E3D91CECDD700069AFCA /* LaunchScreen.storyboard in Resources */,
				79A2E3D61CECDD700069AFCA /* Assets.xcassets in Resources */,
				79A2E3D41CECDD700069AFCA /* Main.storyboard in Resources */,
			);
			runOnlyForDeploymentPostprocessing = 0;
		};
		79A2E3DD1CECDD710069AFCA /* Resources */ = {
			isa = PBXResourcesBuildPhase;
			buildActionMask = 2147483647;
			files = (
			);
			runOnlyForDeploymentPostprocessing = 0;
		};
		79A2E3E81CECDD710069AFCA /* Resources */ = {
			isa = PBXResourcesBuildPhase;
			buildActionMask = 2147483647;
			files = (
			);
			runOnlyForDeploymentPostprocessing = 0;
		};
/* End PBXResourcesBuildPhase section */

/* Begin PBXSourcesBuildPhase section */
		79A2E3C71CECDD700069AFCA /* Sources */ = {
			isa = PBXSourcesBuildPhase;
			buildActionMask = 2147483647;
			files = (
				79A2E3FD1CECDECA0069AFCA /* MainViewController.swift in Sources */,
				79A2E3D11CECDD700069AFCA /* ViewController.swift in Sources */,
				79A2E3CF1CECDD700069AFCA /* AppDelegate.swift in Sources */,
			);
			runOnlyForDeploymentPostprocessing = 0;
		};
		79A2E3DB1CECDD710069AFCA /* Sources */ = {
			isa = PBXSourcesBuildPhase;
			buildActionMask = 2147483647;
			files = (
				79A2E3E41CECDD710069AFCA /* PruebaAminTests.swift in Sources */,
			);
			runOnlyForDeploymentPostprocessing = 0;
		};
		79A2E3E61CECDD710069AFCA /* Sources */ = {
			isa = PBXSourcesBuildPhase;
			buildActionMask = 2147483647;
			files = (
				79A2E3EF1CECDD710069AFCA /* PruebaAminUITests.swift in Sources */,
			);
			runOnlyForDeploymentPostprocessing = 0;
		};
/* End PBXSourcesBuildPhase section */

/* Begin PBXTargetDependency section */
		79A2E3E11CECDD710069AFCA /* PBXTargetDependency */ = {
			isa = PBXTargetDependency;
			target = 79A2E3CA1CECDD700069AFCA /* PruebaAmin */;
			targetProxy = 79A2E3E01CECDD710069AFCA /* PBXContainerItemProxy */;
		};
		79A2E3EC1CECDD710069AFCA /* PBXTargetDependency */ = {
			isa = PBXTargetDependency;
			target = 79A2E3CA1CECDD700069AFCA /* PruebaAmin */;
			targetProxy = 79A2E3EB1CECDD710069AFCA /* PBXContainerItemProxy */;
		};
/* End PBXTargetDependency section */

/* Begin PBXVariantGroup section */
		79A2E3D21CECDD700069AFCA /* Main.storyboard */ = {
			isa = PBXVariantGroup;
			children = (
				79A2E3D31CECDD700069AFCA /* Base */,
			);
			name = Main.storyboard;
			sourceTree = "<group>";
		};
		79A2E3D71CECDD700069AFCA /* LaunchScreen.storyboard */ = {
			isa = PBXVariantGroup;
			children = (
				79A2E3D81CECDD700069AFCA /* Base */,
			);
			name = LaunchScreen.storyboard;
			sourceTree = "<group>";
		};
/* End PBXVariantGroup section */

/* Begin XCBuildConfiguration section */
		79A2E3F11CECDD710069AFCA /* Debug */ = {
			isa = XCBuildConfiguration;
			buildSettings = {
				ALWAYS_SEARCH_USER_PATHS = NO;
				CLANG_ANALYZER_NONNULL = YES;
				CLANG_CXX_LANGUAGE_STANDARD = "gnu++0x";
				CLANG_CXX_LIBRARY = "libc++";
				CLANG_ENABLE_MODULES = YES;
				CLANG_ENABLE_OBJC_ARC = YES;
				CLANG_WARN_BOOL_CONVERSION = YES;
				CLANG_WARN_CONSTANT_CONVERSION = YES;
				CLANG_WARN_DIRECT_OBJC_ISA_USAGE = YES_ERROR;
				CLANG_WARN_EMPTY_BODY = YES;
				CLANG_WARN_ENUM_CONVERSION = YES;
				CLANG_WARN_INT_CONVERSION = YES;
				CLANG_WARN_OBJC_ROOT_CLASS = YES_ERROR;
				CLANG_WARN_UNREACHABLE_CODE = YES;
				CLANG_WARN__DUPLICATE_METHOD_MATCH = YES;
				"CODE_SIGN_IDENTITY[sdk=iphoneos*]" = "iPhone Developer";
				COPY_PHASE_STRIP = NO;
				DEBUG_INFORMATION_FORMAT = dwarf;
				ENABLE_STRICT_OBJC_MSGSEND = YES;
				ENABLE_TESTABILITY = YES;
				GCC_C_LANGUAGE_STANDARD = gnu99;
				GCC_DYNAMIC_NO_PIC = NO;
				GCC_NO_COMMON_BLOCKS = YES;
				GCC_OPTIMIZATION_LEVEL = 0;
				GCC_PREPROCESSOR_DEFINITIONS = (
					"DEBUG=1",
					"$(inherited)",
				);
				GCC_WARN_64_TO_32_BIT_CONVERSION = YES;
				GCC_WARN_ABOUT_RETURN_TYPE = YES_ERROR;
				GCC_WARN_UNDECLARED_SELECTOR = YES;
				GCC_WARN_UNINITIALIZED_AUTOS = YES_AGGRESSIVE;
				GCC_WARN_UNUSED_FUNCTION = YES;
				GCC_WARN_UNUSED_VARIABLE = YES;
				IPHONEOS_DEPLOYMENT_TARGET = 9.3;
				MTL_ENABLE_DEBUG_INFO = YES;
				ONLY_ACTIVE_ARCH = YES;
				SDKROOT = iphoneos;
				SWIFT_OPTIMIZATION_LEVEL = "-Onone";
				TARGETED_DEVICE_FAMILY = "1,2";
			};
			name = Debug;
		};
		79A2E3F21CECDD710069AFCA /* Release */ = {
			isa = XCBuildConfiguration;
			buildSettings = {
				ALWAYS_SEARCH_USER_PATHS = NO;
				CLANG_ANALYZER_NONNULL = YES;
				CLANG_CXX_LANGUAGE_STANDARD = "gnu++0x";
				CLANG_CXX_LIBRARY = "libc++";
				CLANG_ENABLE_MODULES = YES;
				CLANG_ENABLE_OBJC_ARC = YES;
				CLANG_WARN_BOOL_CONVERSION = YES;
				CLANG_WARN_CONSTANT_CONVERSION = YES;
				CLANG_WARN_DIRECT_OBJC_ISA_USAGE = YES_ERROR;
				CLANG_WARN_EMPTY_BODY = YES;
				CLANG_WARN_ENUM_CONVERSION = YES;
				CLANG_WARN_INT_CONVERSION = YES;
				CLANG_WARN_OBJC_ROOT_CLASS = YES_ERROR;
				CLANG_WARN_UNREACHABLE_CODE = YES;
				CLANG_WARN__DUPLICATE_METHOD_MATCH = YES;
				"CODE_SIGN_IDENTITY[sdk=iphoneos*]" = "iPhone Developer";
				COPY_PHASE_STRIP = NO;
				DEBUG_INFORMATION_FORMAT = "dwarf-with-dsym";
				ENABLE_NS_ASSERTIONS = NO;
				ENABLE_STRICT_OBJC_MSGSEND = YES;
				GCC_C_LANGUAGE_STANDARD = gnu99;
				GCC_NO_COMMON_BLOCKS = YES;
				GCC_WARN_64_TO_32_BIT_CONVERSION = YES;
				GCC_WARN_ABOUT_RETURN_TYPE = YES_ERROR;
				GCC_WARN_UNDECLARED_SELECTOR = YES;
				GCC_WARN_UNINITIALIZED_AUTOS = YES_AGGRESSIVE;
				GCC_WARN_UNUSED_FUNCTION = YES;
				GCC_WARN_UNUSED_VARIABLE = YES;
				IPHONEOS_DEPLOYMENT_TARGET = 9.3;
				MTL_ENABLE_DEBUG_INFO = NO;
				SDKROOT = iphoneos;
				TARGETED_DEVICE_FAMILY = "1,2";
				VALIDATE_PRODUCT = YES;
			};
			name = Release;
		};
		79A2E3F41CECDD710069AFCA /* Debug */ = {
			isa = XCBuildConfiguration;
			buildSettings = {
				ASSETCATALOG_COMPILER_APPICON_NAME = AppIcon;
				INFOPLIST_FILE = PruebaAmin/Info.plist;
				LD_RUNPATH_SEARCH_PATHS = "$(inherited) @executable_path/Frameworks";
				PRODUCT_BUNDLE_IDENTIFIER = CSIPRO.PruebaAmin;
				PRODUCT_NAME = "$(TARGET_NAME)";
			};
			name = Debug;
		};
		79A2E3F51CECDD710069AFCA /* Release */ = {
			isa = XCBuildConfiguration;
			buildSettings = {
				ASSETCATALOG_COMPILER_APPICON_NAME = AppIcon;
				INFOPLIST_FILE = PruebaAmin/Info.plist;
				LD_RUNPATH_SEARCH_PATHS = "$(inherited) @executable_path/Frameworks";
				PRODUCT_BUNDLE_IDENTIFIER = CSIPRO.PruebaAmin;
				PRODUCT_NAME = "$(TARGET_NAME)";
			};
			name = Release;
		};
		79A2E3F71CECDD710069AFCA /* Debug */ = {
			isa = XCBuildConfiguration;
			buildSettings = {
				BUNDLE_LOADER = "$(TEST_HOST)";
				INFOPLIST_FILE = PruebaAminTests/Info.plist;
				LD_RUNPATH_SEARCH_PATHS = "$(inherited) @executable_path/Frameworks @loader_path/Frameworks";
				PRODUCT_BUNDLE_IDENTIFIER = CSIPRO.PruebaAminTests;
				PRODUCT_NAME = "$(TARGET_NAME)";
				TEST_HOST = "$(BUILT_PRODUCTS_DIR)/PruebaAmin.app/PruebaAmin";
			};
			name = Debug;
		};
		79A2E3F81CECDD710069AFCA /* Release */ = {
			isa = XCBuildConfiguration;
			buildSettings = {
				BUNDLE_LOADER = "$(TEST_HOST)";
				INFOPLIST_FILE = PruebaAminTests/Info.plist;
				LD_RUNPATH_SEARCH_PATHS = "$(inherited) @executable_path/Frameworks @loader_path/Frameworks";
				PRODUCT_BUNDLE_IDENTIFIER = CSIPRO.PruebaAminTests;
				PRODUCT_NAME = "$(TARGET_NAME)";
				TEST_HOST = "$(BUILT_PRODUCTS_DIR)/PruebaAmin.app/PruebaAmin";
			};
			name = Release;
		};
		79A2E3FA1CECDD710069AFCA /* Debug */ = {
			isa = XCBuildConfiguration;
			buildSettings = {
				INFOPLIST_FILE = PruebaAminUITests/Info.plist;
				LD_RUNPATH_SEARCH_PATHS = "$(inherited) @executable_path/Frameworks @loader_path/Frameworks";
				PRODUCT_BUNDLE_IDENTIFIER = CSIPRO.PruebaAminUITests;
				PRODUCT_NAME = "$(TARGET_NAME)";
				TEST_TARGET_NAME = PruebaAmin;
			};
			name = Debug;
		};
		79A2E3FB1CECDD710069AFCA /* Release */ = {
			isa = XCBuildConfiguration;
			buildSettings = {
				INFOPLIST_FILE = PruebaAminUITests/Info.plist;
				LD_RUNPATH_SEARCH_PATHS = "$(inherited) @executable_path/Frameworks @loader_path/Frameworks";
				PRODUCT_BUNDLE_IDENTIFIER = CSIPRO.PruebaAminUITests;
				PRODUCT_NAME = "$(TARGET_NAME)";
				TEST_TARGET_NAME = PruebaAmin;
			};
			name = Release;
		};
/* End XCBuildConfiguration section */

/* Begin XCConfigurationList section */
		79A2E3C61CECDD700069AFCA /* Build configuration list for PBXProject "PruebaAmin" */ = {
			isa = XCConfigurationList;
			buildConfigurations = (
				79A2E3F11CECDD710069AFCA /* Debug */,
				79A2E3F21CECDD710069AFCA /* Release */,
			);
			defaultConfigurationIsVisible = 0;
			defaultConfigurationName = Release;
		};
		79A2E3F31CECDD710069AFCA /* Build configuration list for PBXNativeTarget "PruebaAmin" */ = {
			isa = XCConfigurationList;
			buildConfigurations = (
				79A2E3F41CECDD710069AFCA /* Debug */,
				79A2E3F51CECDD710069AFCA /* Release */,
			);
			defaultConfigurationIsVisible = 0;
		};
		79A2E3F61CECDD710069AFCA /* Build configuration list for PBXNativeTarget "PruebaAminTests" */ = {
			isa = XCConfigurationList;
			buildConfigurations = (
				79A2E3F71CECDD710069AFCA /* Debug */,
				79A2E3F81CECDD710069AFCA /* Release */,
			);
			defaultConfigurationIsVisible = 0;
		};
		79A2E3F91CECDD710069AFCA /* Build configuration list for PBXNativeTarget "PruebaAminUITests" */ = {
			isa = XCConfigurationList;
			buildConfigurations = (
				79A2E3FA1CECDD710069AFCA /* Debug */,
				79A2E3FB1CECDD710069AFCA /* Release */,
			);
			defaultConfigurationIsVisible = 0;
		};
/* End XCConfigurationList section */
	};
	rootObject = 79A2E3C31CECDD700069AFCA /* Project object */;
}
